
Microsoft Visual Studio Solution File, Format Version 12.00
# Visual Studio Version 17
VisualStudioVersion = 17.11.35303.130
MinimumVisualStudioVersion = 10.0.40219.1
Project("{FAE04EC0-301F-11D3-BF4B-00C04F79EFBC}") = "botles", "botles.csproj", "{4AAC944F-2AAE-4462-AE29-E396A621F39D}"
EndProject
Global
	GlobalSection(SolutionConfigurationPlatforms) = preSolution
		Debug|Any CPU = Debug|Any CPU
		Release|Any CPU = Release|Any CPU
	EndGlobalSection
	GlobalSection(ProjectConfigurationPlatforms) = postSolution
		{4AAC944F-2AAE-4462-AE29-E396A621F39D}.Debug|Any CPU.ActiveCfg = Debug|Any CPU
		{4AAC944F-2AAE-4462-AE29-E396A621F39D}.Debug|Any CPU.Build.0 = Debug|Any CPU
		{4AAC944F-2AAE-4462-AE29-E396A621F39D}.Release|Any CPU.ActiveCfg = Release|Any CPU
		{4AAC944F-2AAE-4462-AE29-E396A621F39D}.Release|Any CPU.Build.0 = Release|Any CPU
	EndGlobalSection
	GlobalSection(SolutionProperties) = preSolution
		HideSolutionNode = FALSE
	EndGlobalSection
	GlobalSection(ExtensibilityGlobals) = postSolution
		SolutionGuid = {928F88F4-7E81-446E-BC86-62866F8E70AC}
	EndGlobalSection
EndGlobal
